
Microsoft Visual Studio Solution File, Format Version 9.00
# Visual Studio 2005
Project("{8BC9CEB8-8B4A-11D0-8D11-00A0C91BC942}") = "server", "server\server.vcproj", "{D47FB1DA-C13E-4C4B-B6B8-884311A33E18}"
	ProjectSection(ProjectDependencies) = postProject
		{7D7B36BE-B994-4BE2-A60C-753C19E5A9EA} = {7D7B36BE-B994-4BE2-A60C-753C19E5A9EA}
	EndProjectSection
EndProject
Project("{8BC9CEB8-8B4A-11D0-8D11-00A0C91BC942}") = "client", "client\client.vcproj", "{C76CE74A-E0F1-4BF0-A755-544084F32946}"
	ProjectSection(ProjectDependencies) = postProject
		{7D7B36BE-B994-4BE2-A60C-753C19E5A9EA} = {7D7B36BE-B994-4BE2-A60C-753C19E5A9EA}
	EndProjectSection
EndProject
Project("{8BC9CEB8-8B4A-11D0-8D11-00A0C91BC942}") = "google_nacl_imc", "google_nacl_imc\google_nacl_imc.vcproj", "{7D7B36BE-B994-4BE2-A60C-753C19E5A9EA}"
EndProject
Project("{8BC9CEB8-8B4A-11D0-8D11-00A0C91BC942}") = "c", "c\c.vcproj", "{CDE52014-6105-4E7D-98A8-557FDC8AB754}"
	ProjectSection(ProjectDependencies) = postProject
		{7D7B36BE-B994-4BE2-A60C-753C19E5A9EA} = {7D7B36BE-B994-4BE2-A60C-753C19E5A9EA}
	EndProjectSection
EndProject
Project("{8BC9CEB8-8B4A-11D0-8D11-00A0C91BC942}") = "npapi_runtime", "npapi_runtime\npapi_runtime.vcproj", "{48A0AD13-91E6-49D4-89FC-B8D835177D73}"
EndProject
Project("{8BC9CEB8-8B4A-11D0-8D11-00A0C91BC942}") = "npapi_plugin", "npapi_plugin\npapi_plugin.vcproj", "{0FF99675-CC8A-4CA8-9F7C-EFAAC9B69B0F}"
	ProjectSection(ProjectDependencies) = postProject
		{48A0AD13-91E6-49D4-89FC-B8D835177D73} = {48A0AD13-91E6-49D4-89FC-B8D835177D73}
		{7D7B36BE-B994-4BE2-A60C-753C19E5A9EA} = {7D7B36BE-B994-4BE2-A60C-753C19E5A9EA}
	EndProjectSection
EndProject
Project("{8BC9CEB8-8B4A-11D0-8D11-00A0C91BC942}") = "npapi_runtime_test", "npapi_runtime_test\npapi_runtime_test.vcproj", "{0CA1D6CD-5E2C-4928-AF6D-A9A8FE52D72D}"
	ProjectSection(ProjectDependencies) = postProject
		{7D7B36BE-B994-4BE2-A60C-753C19E5A9EA} = {7D7B36BE-B994-4BE2-A60C-753C19E5A9EA}
		{48A0AD13-91E6-49D4-89FC-B8D835177D73} = {48A0AD13-91E6-49D4-89FC-B8D835177D73}
	EndProjectSection
EndProject
Global
	GlobalSection(SolutionConfigurationPlatforms) = preSolution
		Debug|Win32 = Debug|Win32
		Release|Win32 = Release|Win32
	EndGlobalSection
	GlobalSection(ProjectConfigurationPlatforms) = postSolution
		{D47FB1DA-C13E-4C4B-B6B8-884311A33E18}.Debug|Win32.ActiveCfg = Debug|Win32
		{D47FB1DA-C13E-4C4B-B6B8-884311A33E18}.Debug|Win32.Build.0 = Debug|Win32
		{D47FB1DA-C13E-4C4B-B6B8-884311A33E18}.Release|Win32.ActiveCfg = Release|Win32
		{D47FB1DA-C13E-4C4B-B6B8-884311A33E18}.Release|Win32.Build.0 = Release|Win32
		{C76CE74A-E0F1-4BF0-A755-544084F32946}.Debug|Win32.ActiveCfg = Debug|Win32
		{C76CE74A-E0F1-4BF0-A755-544084F32946}.Debug|Win32.Build.0 = Debug|Win32
		{C76CE74A-E0F1-4BF0-A755-544084F32946}.Release|Win32.ActiveCfg = Release|Win32
		{C76CE74A-E0F1-4BF0-A755-544084F32946}.Release|Win32.Build.0 = Release|Win32
		{7D7B36BE-B994-4BE2-A60C-753C19E5A9EA}.Debug|Win32.ActiveCfg = Debug|Win32
		{7D7B36BE-B994-4BE2-A60C-753C19E5A9EA}.Debug|Win32.Build.0 = Debug|Win32
		{7D7B36BE-B994-4BE2-A60C-753C19E5A9EA}.Release|Win32.ActiveCfg = Release|Win32
		{7D7B36BE-B994-4BE2-A60C-753C19E5A9EA}.Release|Win32.Build.0 = Release|Win32
		{CDE52014-6105-4E7D-98A8-557FDC8AB754}.Debug|Win32.ActiveCfg = Debug|Win32
		{CDE52014-6105-4E7D-98A8-557FDC8AB754}.Debug|Win32.Build.0 = Debug|Win32
		{CDE52014-6105-4E7D-98A8-557FDC8AB754}.Release|Win32.ActiveCfg = Release|Win32
		{CDE52014-6105-4E7D-98A8-557FDC8AB754}.Release|Win32.Build.0 = Release|Win32
		{48A0AD13-91E6-49D4-89FC-B8D835177D73}.Debug|Win32.ActiveCfg = Debug|Win32
		{48A0AD13-91E6-49D4-89FC-B8D835177D73}.Debug|Win32.Build.0 = Debug|Win32
		{48A0AD13-91E6-49D4-89FC-B8D835177D73}.Release|Win32.ActiveCfg = Release|Win32
		{48A0AD13-91E6-49D4-89FC-B8D835177D73}.Release|Win32.Build.0 = Release|Win32
		{0FF99675-CC8A-4CA8-9F7C-EFAAC9B69B0F}.Debug|Win32.ActiveCfg = Debug|Win32
		{0FF99675-CC8A-4CA8-9F7C-EFAAC9B69B0F}.Debug|Win32.Build.0 = Debug|Win32
		{0FF99675-CC8A-4CA8-9F7C-EFAAC9B69B0F}.Release|Win32.ActiveCfg = Release|Win32
		{0FF99675-CC8A-4CA8-9F7C-EFAAC9B69B0F}.Release|Win32.Build.0 = Release|Win32
		{0CA1D6CD-5E2C-4928-AF6D-A9A8FE52D72D}.Debug|Win32.ActiveCfg = Debug|Win32
		{0CA1D6CD-5E2C-4928-AF6D-A9A8FE52D72D}.Debug|Win32.Build.0 = Debug|Win32
		{0CA1D6CD-5E2C-4928-AF6D-A9A8FE52D72D}.Release|Win32.ActiveCfg = Release|Win32
		{0CA1D6CD-5E2C-4928-AF6D-A9A8FE52D72D}.Release|Win32.Build.0 = Release|Win32
	EndGlobalSection
	GlobalSection(SolutionProperties) = preSolution
		HideSolutionNode = FALSE
	EndGlobalSection
EndGlobal
