Microsoft Visual Studio Solution File, Format Version 10.00
# Visual Studio 2008
Project("{2150E333-8FDC-42A3-9474-1A3956D46DE8}") = "(debug_stub)", "debug_stub", "{C44F267D-CA3D-2707-9AF9-6331B7BDD7F3}"
EndProject
Project("{2150E333-8FDC-42A3-9474-1A3956D46DE8}") = "(gdb_rsp)", "gdb_rsp", "{36DDA403-5397-3B36-4C08-47C4ED351C15}"
EndProject
Project("{8BC9CEB8-8B4A-11D0-8D11-00A0C91BC942}") = "debug_stub", "debug_stub.vcproj", "{D9221BEA-DBFE-4677-4909-B88BA2E5A104}"
EndProject
Project("{8BC9CEB8-8B4A-11D0-8D11-00A0C91BC942}") = "debug_stub64", "debug_stub64.vcproj", "{C3E9609B-A809-EF38-CA53-2962E844062E}"
EndProject
Project("{8BC9CEB8-8B4A-11D0-8D11-00A0C91BC942}") = "debug_stub_test", "debug_stub_test.vcproj", "{216DF189-70D2-3010-9D62-6AD9D13C62FD}"
	ProjectSection(ProjectDependencies) = postProject
		{D9221BEA-DBFE-4677-4909-B88BA2E5A104} = {D9221BEA-DBFE-4677-4909-B88BA2E5A104}
		{0F659521-D577-1DFD-46FC-6DBEE3E1DFD6} = {0F659521-D577-1DFD-46FC-6DBEE3E1DFD6}
	EndProjectSection
EndProject
Project("{8BC9CEB8-8B4A-11D0-8D11-00A0C91BC942}") = "debug_stub_test64", "debug_stub_test64.vcproj", "{59F612B2-1E67-81E5-6F41-F56978638136}"
	ProjectSection(ProjectDependencies) = postProject
		{C3E9609B-A809-EF38-CA53-2962E844062E} = {C3E9609B-A809-EF38-CA53-2962E844062E}
		{78AAD972-57EA-27B4-5F13-3CD2B7E8ABFC} = {78AAD972-57EA-27B4-5F13-3CD2B7E8ABFC}
	EndProjectSection
EndProject
Project("{8BC9CEB8-8B4A-11D0-8D11-00A0C91BC942}") = "gdb_rsp", "..\gdb_rsp\gdb_rsp.vcproj", "{0F659521-D577-1DFD-46FC-6DBEE3E1DFD6}"
EndProject
Project("{8BC9CEB8-8B4A-11D0-8D11-00A0C91BC942}") = "gdb_rsp64", "..\gdb_rsp\gdb_rsp64.vcproj", "{78AAD972-57EA-27B4-5F13-3CD2B7E8ABFC}"
EndProject
Project("{8BC9CEB8-8B4A-11D0-8D11-00A0C91BC942}") = "run_debug_stub_test", "run_debug_stub_test.vcproj", "{B7A7E685-394E-D4CF-B572-8A968A5E46AC}"
	ProjectSection(ProjectDependencies) = postProject
		{216DF189-70D2-3010-9D62-6AD9D13C62FD} = {216DF189-70D2-3010-9D62-6AD9D13C62FD}
		{59F612B2-1E67-81E5-6F41-F56978638136} = {59F612B2-1E67-81E5-6F41-F56978638136}
	EndProjectSection
EndProject
Global
	GlobalSection(SolutionConfigurationPlatforms) = preSolution
		Release|x64 = Release|x64
		Debug|Win32 = Debug|Win32
		Debug|x64 = Debug|x64
		Release|Win32 = Release|Win32
	EndGlobalSection
	GlobalSection(ProjectConfigurationPlatforms) = postSolution
		{0F659521-D577-1DFD-46FC-6DBEE3E1DFD6}.Release|x64.ActiveCfg = Release|x64
		{0F659521-D577-1DFD-46FC-6DBEE3E1DFD6}.Release|x64.Build.0 = Release|x64
		{0F659521-D577-1DFD-46FC-6DBEE3E1DFD6}.Debug|Win32.ActiveCfg = Debug|Win32
		{0F659521-D577-1DFD-46FC-6DBEE3E1DFD6}.Debug|Win32.Build.0 = Debug|Win32
		{0F659521-D577-1DFD-46FC-6DBEE3E1DFD6}.Debug|x64.ActiveCfg = Debug|x64
		{0F659521-D577-1DFD-46FC-6DBEE3E1DFD6}.Debug|x64.Build.0 = Debug|x64
		{0F659521-D577-1DFD-46FC-6DBEE3E1DFD6}.Release|Win32.ActiveCfg = Release|Win32
		{0F659521-D577-1DFD-46FC-6DBEE3E1DFD6}.Release|Win32.Build.0 = Release|Win32
		{216DF189-70D2-3010-9D62-6AD9D13C62FD}.Release|x64.ActiveCfg = Release|x64
		{216DF189-70D2-3010-9D62-6AD9D13C62FD}.Release|x64.Build.0 = Release|x64
		{216DF189-70D2-3010-9D62-6AD9D13C62FD}.Debug|Win32.ActiveCfg = Debug|Win32
		{216DF189-70D2-3010-9D62-6AD9D13C62FD}.Debug|Win32.Build.0 = Debug|Win32
		{216DF189-70D2-3010-9D62-6AD9D13C62FD}.Debug|x64.ActiveCfg = Debug|x64
		{216DF189-70D2-3010-9D62-6AD9D13C62FD}.Debug|x64.Build.0 = Debug|x64
		{216DF189-70D2-3010-9D62-6AD9D13C62FD}.Release|Win32.ActiveCfg = Release|Win32
		{216DF189-70D2-3010-9D62-6AD9D13C62FD}.Release|Win32.Build.0 = Release|Win32
		{59F612B2-1E67-81E5-6F41-F56978638136}.Release|x64.ActiveCfg = Release|x64
		{59F612B2-1E67-81E5-6F41-F56978638136}.Release|x64.Build.0 = Release|x64
		{59F612B2-1E67-81E5-6F41-F56978638136}.Debug|Win32.ActiveCfg = Debug|x64
		{59F612B2-1E67-81E5-6F41-F56978638136}.Debug|Win32.Build.0 = Debug|x64
		{59F612B2-1E67-81E5-6F41-F56978638136}.Debug|x64.ActiveCfg = Debug|x64
		{59F612B2-1E67-81E5-6F41-F56978638136}.Debug|x64.Build.0 = Debug|x64
		{59F612B2-1E67-81E5-6F41-F56978638136}.Release|Win32.ActiveCfg = Release|x64
		{59F612B2-1E67-81E5-6F41-F56978638136}.Release|Win32.Build.0 = Release|x64
		{78AAD972-57EA-27B4-5F13-3CD2B7E8ABFC}.Release|x64.ActiveCfg = Release|x64
		{78AAD972-57EA-27B4-5F13-3CD2B7E8ABFC}.Release|x64.Build.0 = Release|x64
		{78AAD972-57EA-27B4-5F13-3CD2B7E8ABFC}.Debug|Win32.ActiveCfg = Debug|x64
		{78AAD972-57EA-27B4-5F13-3CD2B7E8ABFC}.Debug|Win32.Build.0 = Debug|x64
		{78AAD972-57EA-27B4-5F13-3CD2B7E8ABFC}.Debug|x64.ActiveCfg = Debug|x64
		{78AAD972-57EA-27B4-5F13-3CD2B7E8ABFC}.Debug|x64.Build.0 = Debug|x64
		{78AAD972-57EA-27B4-5F13-3CD2B7E8ABFC}.Release|Win32.ActiveCfg = Release|x64
		{78AAD972-57EA-27B4-5F13-3CD2B7E8ABFC}.Release|Win32.Build.0 = Release|x64
		{B7A7E685-394E-D4CF-B572-8A968A5E46AC}.Release|x64.ActiveCfg = Release|x64
		{B7A7E685-394E-D4CF-B572-8A968A5E46AC}.Release|x64.Build.0 = Release|x64
		{B7A7E685-394E-D4CF-B572-8A968A5E46AC}.Debug|Win32.ActiveCfg = Debug|Win32
		{B7A7E685-394E-D4CF-B572-8A968A5E46AC}.Debug|Win32.Build.0 = Debug|Win32
		{B7A7E685-394E-D4CF-B572-8A968A5E46AC}.Debug|x64.ActiveCfg = Debug|x64
		{B7A7E685-394E-D4CF-B572-8A968A5E46AC}.Debug|x64.Build.0 = Debug|x64
		{B7A7E685-394E-D4CF-B572-8A968A5E46AC}.Release|Win32.ActiveCfg = Release|Win32
		{B7A7E685-394E-D4CF-B572-8A968A5E46AC}.Release|Win32.Build.0 = Release|Win32
		{C3E9609B-A809-EF38-CA53-2962E844062E}.Release|x64.ActiveCfg = Release|x64
		{C3E9609B-A809-EF38-CA53-2962E844062E}.Release|x64.Build.0 = Release|x64
		{C3E9609B-A809-EF38-CA53-2962E844062E}.Debug|Win32.ActiveCfg = Debug|x64
		{C3E9609B-A809-EF38-CA53-2962E844062E}.Debug|Win32.Build.0 = Debug|x64
		{C3E9609B-A809-EF38-CA53-2962E844062E}.Debug|x64.ActiveCfg = Debug|x64
		{C3E9609B-A809-EF38-CA53-2962E844062E}.Debug|x64.Build.0 = Debug|x64
		{C3E9609B-A809-EF38-CA53-2962E844062E}.Release|Win32.ActiveCfg = Release|x64
		{C3E9609B-A809-EF38-CA53-2962E844062E}.Release|Win32.Build.0 = Release|x64
		{D9221BEA-DBFE-4677-4909-B88BA2E5A104}.Release|x64.ActiveCfg = Release|x64
		{D9221BEA-DBFE-4677-4909-B88BA2E5A104}.Release|x64.Build.0 = Release|x64
		{D9221BEA-DBFE-4677-4909-B88BA2E5A104}.Debug|Win32.ActiveCfg = Debug|Win32
		{D9221BEA-DBFE-4677-4909-B88BA2E5A104}.Debug|Win32.Build.0 = Debug|Win32
		{D9221BEA-DBFE-4677-4909-B88BA2E5A104}.Debug|x64.ActiveCfg = Debug|x64
		{D9221BEA-DBFE-4677-4909-B88BA2E5A104}.Debug|x64.Build.0 = Debug|x64
		{D9221BEA-DBFE-4677-4909-B88BA2E5A104}.Release|Win32.ActiveCfg = Release|Win32
		{D9221BEA-DBFE-4677-4909-B88BA2E5A104}.Release|Win32.Build.0 = Release|Win32
	EndGlobalSection
	GlobalSection(SolutionProperties) = preSolution
		HideSolutionNode = FALSE
	EndGlobalSection
	GlobalSection(NestedProjects) = preSolution
		{C3E9609B-A809-EF38-CA53-2962E844062E} = {C44F267D-CA3D-2707-9AF9-6331B7BDD7F3}
		{59F612B2-1E67-81E5-6F41-F56978638136} = {C44F267D-CA3D-2707-9AF9-6331B7BDD7F3}
		{D9221BEA-DBFE-4677-4909-B88BA2E5A104} = {C44F267D-CA3D-2707-9AF9-6331B7BDD7F3}
		{216DF189-70D2-3010-9D62-6AD9D13C62FD} = {C44F267D-CA3D-2707-9AF9-6331B7BDD7F3}
		{B7A7E685-394E-D4CF-B572-8A968A5E46AC} = {C44F267D-CA3D-2707-9AF9-6331B7BDD7F3}
		{0F659521-D577-1DFD-46FC-6DBEE3E1DFD6} = {36DDA403-5397-3B36-4C08-47C4ED351C15}
		{78AAD972-57EA-27B4-5F13-3CD2B7E8ABFC} = {36DDA403-5397-3B36-4C08-47C4ED351C15}
	EndGlobalSection
EndGlobal
